
Microsoft Visual Studio Solution File, Format Version 12.00
# Visual Studio 15
VisualStudioVersion = 15.0.26020.0
MinimumVisualStudioVersion = 10.0.40219.1
Project("{2150E333-8FDC-42A3-9474-1A3956D46DE8}") = "src", "src", "{0CE85C2D-FD3A-471B-B657-A9EC4C472C8B}"
EndProject
Project("{2150E333-8FDC-42A3-9474-1A3956D46DE8}") = "Solution Items", "Solution Items", "{060979C6-44D9-434E-A1A2-CA1AAACFC9B7}"
	ProjectSection(SolutionItems) = preProject
		global.json = global.json
	EndProjectSection
EndProject
Project("{9A19103F-16F7-4668-BE54-9A1E7A4F7556}") = "HOFCServerNet", "src\HOFCServerNet\HOFCServerNet.csproj", "{EC2A136C-5D72-4614-A80E-001CA9DFE992}"
EndProject
Project("{9A19103F-16F7-4668-BE54-9A1E7A4F7556}") = "HOFCServerNet.Data", "src\HOFCServerNet.Data\HOFCServerNet.Data.csproj", "{A1D1EAD4-B283-4FC1-845C-2257E2EC0257}"
EndProject
Project("{9A19103F-16F7-4668-BE54-9A1E7A4F7556}") = "HOFCServerParser", "src\HOFCServerParser\HOFCServerParser.csproj", "{D036B914-CE6C-46E3-813D-D33350DAEC91}"
EndProject
Project("{9A19103F-16F7-4668-BE54-9A1E7A4F7556}") = "HOFCServerNet.Utils", "src\HOFCServerNet.Utils\HOFCServerNet.Utils.csproj", "{AAB3AFD1-F6A1-4426-8B32-991E9C133DDC}"
EndProject
Global
	GlobalSection(SolutionConfigurationPlatforms) = preSolution
		Debug|Any CPU = Debug|Any CPU
		Release|Any CPU = Release|Any CPU
	EndGlobalSection
	GlobalSection(ProjectConfigurationPlatforms) = postSolution
		{EC2A136C-5D72-4614-A80E-001CA9DFE992}.Debug|Any CPU.ActiveCfg = Debug|Any CPU
		{EC2A136C-5D72-4614-A80E-001CA9DFE992}.Debug|Any CPU.Build.0 = Debug|Any CPU
		{EC2A136C-5D72-4614-A80E-001CA9DFE992}.Release|Any CPU.ActiveCfg = Release|Any CPU
		{EC2A136C-5D72-4614-A80E-001CA9DFE992}.Release|Any CPU.Build.0 = Release|Any CPU
		{A1D1EAD4-B283-4FC1-845C-2257E2EC0257}.Debug|Any CPU.ActiveCfg = Debug|Any CPU
		{A1D1EAD4-B283-4FC1-845C-2257E2EC0257}.Debug|Any CPU.Build.0 = Debug|Any CPU
		{A1D1EAD4-B283-4FC1-845C-2257E2EC0257}.Release|Any CPU.ActiveCfg = Release|Any CPU
		{A1D1EAD4-B283-4FC1-845C-2257E2EC0257}.Release|Any CPU.Build.0 = Release|Any CPU
		{D036B914-CE6C-46E3-813D-D33350DAEC91}.Debug|Any CPU.ActiveCfg = Debug|Any CPU
		{D036B914-CE6C-46E3-813D-D33350DAEC91}.Debug|Any CPU.Build.0 = Debug|Any CPU
		{D036B914-CE6C-46E3-813D-D33350DAEC91}.Release|Any CPU.ActiveCfg = Release|Any CPU
		{D036B914-CE6C-46E3-813D-D33350DAEC91}.Release|Any CPU.Build.0 = Release|Any CPU
		{AAB3AFD1-F6A1-4426-8B32-991E9C133DDC}.Debug|Any CPU.ActiveCfg = Debug|Any CPU
		{AAB3AFD1-F6A1-4426-8B32-991E9C133DDC}.Debug|Any CPU.Build.0 = Debug|Any CPU
		{AAB3AFD1-F6A1-4426-8B32-991E9C133DDC}.Release|Any CPU.ActiveCfg = Release|Any CPU
		{AAB3AFD1-F6A1-4426-8B32-991E9C133DDC}.Release|Any CPU.Build.0 = Release|Any CPU
	EndGlobalSection
	GlobalSection(SolutionProperties) = preSolution
		HideSolutionNode = FALSE
	EndGlobalSection
	GlobalSection(NestedProjects) = preSolution
		{EC2A136C-5D72-4614-A80E-001CA9DFE992} = {0CE85C2D-FD3A-471B-B657-A9EC4C472C8B}
		{A1D1EAD4-B283-4FC1-845C-2257E2EC0257} = {0CE85C2D-FD3A-471B-B657-A9EC4C472C8B}
		{D036B914-CE6C-46E3-813D-D33350DAEC91} = {0CE85C2D-FD3A-471B-B657-A9EC4C472C8B}
		{AAB3AFD1-F6A1-4426-8B32-991E9C133DDC} = {0CE85C2D-FD3A-471B-B657-A9EC4C472C8B}
	EndGlobalSection
EndGlobal
